
Microsoft Visual Studio Solution File, Format Version 12.00
Project("{FAE04EC0-301F-11D3-BF4B-00C04F79EFBC}") = "ValidateOrThrow", "src\ValidateOrThrow\ValidateOrThrow.csproj", "{528DC073-D47E-408A-B2CE-C497D17BE9D4}"
EndProject
Project("{2150E333-8FDC-42A3-9474-1A3956D46DE8}") = "src", "src", "{F2F3E957-A86A-4044-B880-67134285E1AA}"
EndProject
Global
	GlobalSection(SolutionConfigurationPlatforms) = preSolution
		Debug|Any CPU = Debug|Any CPU
		Release|Any CPU = Release|Any CPU
	EndGlobalSection
	GlobalSection(ProjectConfigurationPlatforms) = postSolution
		{528DC073-D47E-408A-B2CE-C497D17BE9D4}.Debug|Any CPU.ActiveCfg = Debug|Any CPU
		{528DC073-D47E-408A-B2CE-C497D17BE9D4}.Debug|Any CPU.Build.0 = Debug|Any CPU
		{528DC073-D47E-408A-B2CE-C497D17BE9D4}.Release|Any CPU.ActiveCfg = Release|Any CPU
		{528DC073-D47E-408A-B2CE-C497D17BE9D4}.Release|Any CPU.Build.0 = Release|Any CPU
	EndGlobalSection
	GlobalSection(NestedProjects) = preSolution
		{528DC073-D47E-408A-B2CE-C497D17BE9D4} = {F2F3E957-A86A-4044-B880-67134285E1AA}
	EndGlobalSection
EndGlobal
